
Microsoft Visual Studio Solution File, Format Version 12.00
# Visual Studio Version 16
VisualStudioVersion = 16.0.29911.84
MinimumVisualStudioVersion = 10.0.40219.1
Project("{FAE04EC0-301F-11D3-BF4B-00C04F79EFBC}") = "University", "University\University.csproj", "{1CBD8F14-485E-4964-99F7-9F1588D29B4D}"
EndProject
Project("{00D1A9C2-B5F0-4AF3-8072-F6C62B433612}") = "Database1", "Database1\Database1.sqlproj", "{AE8EA8EE-9957-43D8-9279-8F062955CBA4}"
EndProject
Global
	GlobalSection(SolutionConfigurationPlatforms) = preSolution
		Debug|Any CPU = Debug|Any CPU
		Release|Any CPU = Release|Any CPU
	EndGlobalSection
	GlobalSection(ProjectConfigurationPlatforms) = postSolution
		{1CBD8F14-485E-4964-99F7-9F1588D29B4D}.Debug|Any CPU.ActiveCfg = Debug|Any CPU
		{1CBD8F14-485E-4964-99F7-9F1588D29B4D}.Debug|Any CPU.Build.0 = Debug|Any CPU
		{1CBD8F14-485E-4964-99F7-9F1588D29B4D}.Release|Any CPU.ActiveCfg = Release|Any CPU
		{1CBD8F14-485E-4964-99F7-9F1588D29B4D}.Release|Any CPU.Build.0 = Release|Any CPU
		{AE8EA8EE-9957-43D8-9279-8F062955CBA4}.Debug|Any CPU.ActiveCfg = Debug|Any CPU
		{AE8EA8EE-9957-43D8-9279-8F062955CBA4}.Debug|Any CPU.Build.0 = Debug|Any CPU
		{AE8EA8EE-9957-43D8-9279-8F062955CBA4}.Debug|Any CPU.Deploy.0 = Debug|Any CPU
		{AE8EA8EE-9957-43D8-9279-8F062955CBA4}.Release|Any CPU.ActiveCfg = Release|Any CPU
		{AE8EA8EE-9957-43D8-9279-8F062955CBA4}.Release|Any CPU.Build.0 = Release|Any CPU
		{AE8EA8EE-9957-43D8-9279-8F062955CBA4}.Release|Any CPU.Deploy.0 = Release|Any CPU
	EndGlobalSection
	GlobalSection(SolutionProperties) = preSolution
		HideSolutionNode = FALSE
	EndGlobalSection
	GlobalSection(ExtensibilityGlobals) = postSolution
		SolutionGuid = {E72DE1CF-587E-4F2C-9875-0AC51AFA5493}
	EndGlobalSection
EndGlobal
